// !$*UTF8*$!
{
	archiveVersion = 1;
	classes = {
	};
	objectVersion = 56;
	objects = {

/* Begin PBXBuildFile section */
		CBB634172BD8FE9C00D74952 /* WeatherAppApp.swift in Sources */ = {isa = PBXBuildFile; fileRef = CBB634162BD8FE9C00D74952 /* WeatherAppApp.swift */; };
		CBB634192BD8FE9C00D74952 /* ContentView.swift in Sources */ = {isa = PBXBuildFile; fileRef = CBB634182BD8FE9C00D74952 /* ContentView.swift */; };
		CBB6341B2BD8FE9E00D74952 /* Assets.xcassets in Resources */ = {isa = PBXBuildFile; fileRef = CBB6341A2BD8FE9E00D74952 /* Assets.xcassets */; };
		CBB6341E2BD8FE9E00D74952 /* Preview Assets.xcassets in Resources */ = {isa = PBXBuildFile; fileRef = CBB6341D2BD8FE9E00D74952 /* Preview Assets.xcassets */; };
		CBB634262BD9010A00D74952 /* LocationManager.swift in Sources */ = {isa = PBXBuildFile; fileRef = CBB634252BD9010A00D74952 /* LocationManager.swift */; };
		CBB6342A2BD901B100D74952 /* WelcomeView.swift in Sources */ = {isa = PBXBuildFile; fileRef = CBB634292BD901B100D74952 /* WelcomeView.swift */; };
		CBB6342C2BD9045900D74952 /* LoadingView.swift in Sources */ = {isa = PBXBuildFile; fileRef = CBB6342B2BD9045900D74952 /* LoadingView.swift */; };
		CBB6342E2BD9054300D74952 /* WeatherManager.swift in Sources */ = {isa = PBXBuildFile; fileRef = CBB6342D2BD9054300D74952 /* WeatherManager.swift */; };
		CBB634302BD90AC300D74952 /* WeatherView.swift in Sources */ = {isa = PBXBuildFile; fileRef = CBB6342F2BD90AC300D74952 /* WeatherView.swift */; };
		CBB634322BD90ADC00D74952 /* ModelData.swift in Sources */ = {isa = PBXBuildFile; fileRef = CBB634312BD90ADC00D74952 /* ModelData.swift */; };
		CBB634362BD90BEF00D74952 /* weatherData.json in Resources */ = {isa = PBXBuildFile; fileRef = CBB634352BD90BEF00D74952 /* weatherData.json */; };
		CBB634382BD90C5200D74952 /* Extensions.swift in Sources */ = {isa = PBXBuildFile; fileRef = CBB634372BD90C5200D74952 /* Extensions.swift */; };
/* End PBXBuildFile section */

/* Begin PBXFileReference section */
		CBB634132BD8FE9C00D74952 /* WeatherApp.app */ = {isa = PBXFileReference; explicitFileType = wrapper.application; includeInIndex = 0; path = WeatherApp.app; sourceTree = BUILT_PRODUCTS_DIR; };
		CBB634162BD8FE9C00D74952 /* WeatherAppApp.swift */ = {isa = PBXFileReference; lastKnownFileType = sourcecode.swift; path = WeatherAppApp.swift; sourceTree = "<group>"; };
		CBB634182BD8FE9C00D74952 /* ContentView.swift */ = {isa = PBXFileReference; lastKnownFileType = sourcecode.swift; path = ContentView.swift; sourceTree = "<group>"; };
		CBB6341A2BD8FE9E00D74952 /* Assets.xcassets */ = {isa = PBXFileReference; lastKnownFileType = folder.assetcatalog; path = Assets.xcassets; sourceTree = "<group>"; };
		CBB6341D2BD8FE9E00D74952 /* Preview Assets.xcassets */ = {isa = PBXFileReference; lastKnownFileType = folder.assetcatalog; path = "Preview Assets.xcassets"; sourceTree = "<group>"; };
		CBB634252BD9010A00D74952 /* LocationManager.swift */ = {isa = PBXFileReference; lastKnownFileType = sourcecode.swift; path = LocationManager.swift; sourceTree = "<group>"; };
		CBB634292BD901B100D74952 /* WelcomeView.swift */ = {isa = PBXFileReference; lastKnownFileType = sourcecode.swift; path = WelcomeView.swift; sourceTree = "<group>"; };
		CBB6342B2BD9045900D74952 /* LoadingView.swift */ = {isa = PBXFileReference; lastKnownFileType = sourcecode.swift; path = LoadingView.swift; sourceTree = "<group>"; };
		CBB6342D2BD9054300D74952 /* WeatherManager.swift */ = {isa = PBXFileReference; lastKnownFileType = sourcecode.swift; path = WeatherManager.swift; sourceTree = "<group>"; };
		CBB6342F2BD90AC300D74952 /* WeatherView.swift */ = {isa = PBXFileReference; lastKnownFileType = sourcecode.swift; path = WeatherView.swift; sourceTree = "<group>"; };
		CBB634312BD90ADC00D74952 /* ModelData.swift */ = {isa = PBXFileReference; lastKnownFileType = sourcecode.swift; path = ModelData.swift; sourceTree = "<group>"; };
		CBB634352BD90BEF00D74952 /* weatherData.json */ = {isa = PBXFileReference; lastKnownFileType = text.json; path = weatherData.json; sourceTree = "<group>"; };
		CBB634372BD90C5200D74952 /* Extensions.swift */ = {isa = PBXFileReference; lastKnownFileType = sourcecode.swift; path = Extensions.swift; sourceTree = "<group>"; };
/* End PBXFileReference section */

/* Begin PBXFrameworksBuildPhase section */
		CBB634102BD8FE9C00D74952 /* Frameworks */ = {
			isa = PBXFrameworksBuildPhase;
			buildActionMask = 2147483647;
			files = (
			);
			runOnlyForDeploymentPostprocessing = 0;
		};
/* End PBXFrameworksBuildPhase section */

/* Begin PBXGroup section */
		CBB6340A2BD8FE9C00D74952 = {
			isa = PBXGroup;
			children = (
				CBB634152BD8FE9C00D74952 /* WeatherApp */,
				CBB634142BD8FE9C00D74952 /* Products */,
			);
			sourceTree = "<group>";
		};
		CBB634142BD8FE9C00D74952 /* Products */ = {
			isa = PBXGroup;
			children = (
				CBB634132BD8FE9C00D74952 /* WeatherApp.app */,
			);
			name = Products;
			sourceTree = "<group>";
		};
		CBB634152BD8FE9C00D74952 /* WeatherApp */ = {
			isa = PBXGroup;
			children = (
				CBB634282BD9018900D74952 /* Other */,
				CBB634272BD9018100D74952 /* Views */,
				CBB634242BD900D000D74952 /* Managers */,
				CBB6341C2BD8FE9E00D74952 /* Preview Content */,
				CBB634372BD90C5200D74952 /* Extensions.swift */,
			);
			path = WeatherApp;
			sourceTree = "<group>";
		};
		CBB6341C2BD8FE9E00D74952 /* Preview Content */ = {
			isa = PBXGroup;
			children = (
				CBB6341D2BD8FE9E00D74952 /* Preview Assets.xcassets */,
				CBB634312BD90ADC00D74952 /* ModelData.swift */,
				CBB634352BD90BEF00D74952 /* weatherData.json */,
			);
			path = "Preview Content";
			sourceTree = "<group>";
		};
		CBB634242BD900D000D74952 /* Managers */ = {
			isa = PBXGroup;
			children = (
				CBB634252BD9010A00D74952 /* LocationManager.swift */,
				CBB6342D2BD9054300D74952 /* WeatherManager.swift */,
			);
			path = Managers;
			sourceTree = "<group>";
		};
		CBB634272BD9018100D74952 /* Views */ = {
			isa = PBXGroup;
			children = (
				CBB634182BD8FE9C00D74952 /* ContentView.swift */,
				CBB634292BD901B100D74952 /* WelcomeView.swift */,
				CBB6342B2BD9045900D74952 /* LoadingView.swift */,
				CBB6342F2BD90AC300D74952 /* WeatherView.swift */,
			);
			path = Views;
			sourceTree = "<group>";
		};
		CBB634282BD9018900D74952 /* Other */ = {
			isa = PBXGroup;
			children = (
				CBB6341A2BD8FE9E00D74952 /* Assets.xcassets */,
				CBB634162BD8FE9C00D74952 /* WeatherAppApp.swift */,
			);
			path = Other;
			sourceTree = "<group>";
		};
/* End PBXGroup section */

/* Begin PBXNativeTarget section */
		CBB634122BD8FE9C00D74952 /* WeatherApp */ = {
			isa = PBXNativeTarget;
			buildConfigurationList = CBB634212BD8FE9E00D74952 /* Build configuration list for PBXNativeTarget "WeatherApp" */;
			buildPhases = (
				CBB6340F2BD8FE9C00D74952 /* Sources */,
				CBB634102BD8FE9C00D74952 /* Frameworks */,
				CBB634112BD8FE9C00D74952 /* Resources */,
			);
			buildRules = (
			);
			dependencies = (
			);
			name = WeatherApp;
			productName = WeatherApp;
			productReference = CBB634132BD8FE9C00D74952 /* WeatherApp.app */;
			productType = "com.apple.product-type.application";
		};
/* End PBXNativeTarget section */

/* Begin PBXProject section */
		CBB6340B2BD8FE9C00D74952 /* Project object */ = {
			isa = PBXProject;
			attributes = {
				BuildIndependentTargetsInParallel = 1;
				LastSwiftUpdateCheck = 1400;
				LastUpgradeCheck = 1400;
				TargetAttributes = {
					CBB634122BD8FE9C00D74952 = {
						CreatedOnToolsVersion = 14.0.1;
					};
				};
			};
			buildConfigurationList = CBB6340E2BD8FE9C00D74952 /* Build configuration list for PBXProject "WeatherApp" */;
			compatibilityVersion = "Xcode 14.0";
			developmentRegion = en;
			hasScannedForEncodings = 0;
			knownRegions = (
				en,
				Base,
			);
			mainGroup = CBB6340A2BD8FE9C00D74952;
			productRefGroup = CBB634142BD8FE9C00D74952 /* Products */;
			projectDirPath = "";
			projectRoot = "";
			targets = (
				CBB634122BD8FE9C00D74952 /* WeatherApp */,
			);
		};
/* End PBXProject section */

/* Begin PBXResourcesBuildPhase section */
		CBB634112BD8FE9C00D74952 /* Resources */ = {
			isa = PBXResourcesBuildPhase;
			buildActionMask = 2147483647;
			files = (
				CBB6341E2BD8FE9E00D74952 /* Preview Assets.xcassets in Resources */,
				CBB634362BD90BEF00D74952 /* weatherData.json in Resources */,
				CBB6341B2BD8FE9E00D74952 /* Assets.xcassets in Resources */,
			);
			runOnlyForDeploymentPostprocessing = 0;
		};
/* End PBXResourcesBuildPhase section */

/* Begin PBXSourcesBuildPhase section */
		CBB6340F2BD8FE9C00D74952 /* Sources */ = {
			isa = PBXSourcesBuildPhase;
			buildActionMask = 2147483647;
			files = (
				CBB6342E2BD9054300D74952 /* WeatherManager.swift in Sources */,
				CBB634382BD90C5200D74952 /* Extensions.swift in Sources */,
				CBB634192BD8FE9C00D74952 /* ContentView.swift in Sources */,
				CBB634172BD8FE9C00D74952 /* WeatherAppApp.swift in Sources */,
				CBB634262BD9010A00D74952 /* LocationManager.swift in Sources */,
				CBB6342C2BD9045900D74952 /* LoadingView.swift in Sources */,
				CBB634322BD90ADC00D74952 /* ModelData.swift in Sources */,
				CBB634302BD90AC300D74952 /* WeatherView.swift in Sources */,
				CBB6342A2BD901B100D74952 /* WelcomeView.swift in Sources */,
			);
			runOnlyForDeploymentPostprocessing = 0;
		};
/* End PBXSourcesBuildPhase section */

/* Begin XCBuildConfiguration section */
		CBB6341F2BD8FE9E00D74952 /* Debug */ = {
			isa = XCBuildConfiguration;
			buildSettings = {
				ALWAYS_SEARCH_USER_PATHS = NO;
				CLANG_ANALYZER_NONNULL = YES;
				CLANG_ANALYZER_NUMBER_OBJECT_CONVERSION = YES_AGGRESSIVE;
				CLANG_CXX_LANGUAGE_STANDARD = "gnu++20";
				CLANG_ENABLE_MODULES = YES;
				CLANG_ENABLE_OBJC_ARC = YES;
				CLANG_ENABLE_OBJC_WEAK = YES;
				CLANG_WARN_BLOCK_CAPTURE_AUTORELEASING = YES;
				CLANG_WARN_BOOL_CONVERSION = YES;
				CLANG_WARN_COMMA = YES;
				CLANG_WARN_CONSTANT_CONVERSION = YES;
				CLANG_WARN_DEPRECATED_OBJC_IMPLEMENTATIONS = YES;
				CLANG_WARN_DIRECT_OBJC_ISA_USAGE = YES_ERROR;
				CLANG_WARN_DOCUMENTATION_COMMENTS = YES;
				CLANG_WARN_EMPTY_BODY = YES;
				CLANG_WARN_ENUM_CONVERSION = YES;
				CLANG_WARN_INFINITE_RECURSION = YES;
				CLANG_WARN_INT_CONVERSION = YES;
				CLANG_WARN_NON_LITERAL_NULL_CONVERSION = YES;
				CLANG_WARN_OBJC_IMPLICIT_RETAIN_SELF = YES;
				CLANG_WARN_OBJC_LITERAL_CONVERSION = YES;
				CLANG_WARN_OBJC_ROOT_CLASS = YES_ERROR;
				CLANG_WARN_QUOTED_INCLUDE_IN_FRAMEWORK_HEADER = YES;
				CLANG_WARN_RANGE_LOOP_ANALYSIS = YES;
				CLANG_WARN_STRICT_PROTOTYPES = YES;
				CLANG_WARN_SUSPICIOUS_MOVE = YES;
				CLANG_WARN_UNGUARDED_AVAILABILITY = YES_AGGRESSIVE;
				CLANG_WARN_UNREACHABLE_CODE = YES;
				CLANG_WARN__DUPLICATE_METHOD_MATCH = YES;
				COPY_PHASE_STRIP = NO;
				DEBUG_INFORMATION_FORMAT = dwarf;
				ENABLE_STRICT_OBJC_MSGSEND = YES;
				ENABLE_TESTABILITY = YES;
				GCC_C_LANGUAGE_STANDARD = gnu11;
				GCC_DYNAMIC_NO_PIC = NO;
				GCC_NO_COMMON_BLOCKS = YES;
				GCC_OPTIMIZATION_LEVEL = 0;
				GCC_PREPROCESSOR_DEFINITIONS = (
					"DEBUG=1",
					"$(inherited)",
				);
				GCC_WARN_64_TO_32_BIT_CONVERSION = YES;
				GCC_WARN_ABOUT_RETURN_TYPE = YES_ERROR;
				GCC_WARN_UNDECLARED_SELECTOR = YES;
				GCC_WARN_UNINITIALIZED_AUTOS = YES_AGGRESSIVE;
				GCC_WARN_UNUSED_FUNCTION = YES;
				GCC_WARN_UNUSED_VARIABLE = YES;
				IPHONEOS_DEPLOYMENT_TARGET = 16.0;
				MTL_ENABLE_DEBUG_INFO = INCLUDE_SOURCE;
				MTL_FAST_MATH = YES;
				ONLY_ACTIVE_ARCH = YES;
				SDKROOT = iphoneos;
				SWIFT_ACTIVE_COMPILATION_CONDITIONS = DEBUG;
				SWIFT_OPTIMIZATION_LEVEL = "-Onone";
			};
			name = Debug;
		};
		CBB634202BD8FE9E00D74952 /* Release */ = {
			isa = XCBuildConfiguration;
			buildSettings = {
				ALWAYS_SEARCH_USER_PATHS = NO;
				CLANG_ANALYZER_NONNULL = YES;
				CLANG_ANALYZER_NUMBER_OBJECT_CONVERSION = YES_AGGRESSIVE;
				CLANG_CXX_LANGUAGE_STANDARD = "gnu++20";
				CLANG_ENABLE_MODULES = YES;
				CLANG_ENABLE_OBJC_ARC = YES;
				CLANG_ENABLE_OBJC_WEAK = YES;
				CLANG_WARN_BLOCK_CAPTURE_AUTORELEASING = YES;
				CLANG_WARN_BOOL_CONVERSION = YES;
				CLANG_WARN_COMMA = YES;
				CLANG_WARN_CONSTANT_CONVERSION = YES;
				CLANG_WARN_DEPRECATED_OBJC_IMPLEMENTATIONS = YES;
				CLANG_WARN_DIRECT_OBJC_ISA_USAGE = YES_ERROR;
				CLANG_WARN_DOCUMENTATION_COMMENTS = YES;
				CLANG_WARN_EMPTY_BODY = YES;
				CLANG_WARN_ENUM_CONVERSION = YES;
				CLANG_WARN_INFINITE_RECURSION = YES;
				CLANG_WARN_INT_CONVERSION = YES;
				CLANG_WARN_NON_LITERAL_NULL_CONVERSION = YES;
				CLANG_WARN_OBJC_IMPLICIT_RETAIN_SELF = YES;
				CLANG_WARN_OBJC_LITERAL_CONVERSION = YES;
				CLANG_WARN_OBJC_ROOT_CLASS = YES_ERROR;
				CLANG_WARN_QUOTED_INCLUDE_IN_FRAMEWORK_HEADER = YES;
				CLANG_WARN_RANGE_LOOP_ANALYSIS = YES;
				CLANG_WARN_STRICT_PROTOTYPES = YES;
				CLANG_WARN_SUSPICIOUS_MOVE = YES;
				CLANG_WARN_UNGUARDED_AVAILABILITY = YES_AGGRESSIVE;
				CLANG_WARN_UNREACHABLE_CODE = YES;
				CLANG_WARN__DUPLICATE_METHOD_MATCH = YES;
				COPY_PHASE_STRIP = NO;
				DEBUG_INFORMATION_FORMAT = "dwarf-with-dsym";
				ENABLE_NS_ASSERTIONS = NO;
				ENABLE_STRICT_OBJC_MSGSEND = YES;
				GCC_C_LANGUAGE_STANDARD = gnu11;
				GCC_NO_COMMON_BLOCKS = YES;
				GCC_WARN_64_TO_32_BIT_CONVERSION = YES;
				GCC_WARN_ABOUT_RETURN_TYPE = YES_ERROR;
				GCC_WARN_UNDECLARED_SELECTOR = YES;
				GCC_WARN_UNINITIALIZED_AUTOS = YES_AGGRESSIVE;
				GCC_WARN_UNUSED_FUNCTION = YES;
				GCC_WARN_UNUSED_VARIABLE = YES;
				IPHONEOS_DEPLOYMENT_TARGET = 16.0;
				MTL_ENABLE_DEBUG_INFO = NO;
				MTL_FAST_MATH = YES;
				SDKROOT = iphoneos;
				SWIFT_COMPILATION_MODE = wholemodule;
				SWIFT_OPTIMIZATION_LEVEL = "-O";
				VALIDATE_PRODUCT = YES;
			};
			name = Release;
		};
		CBB634222BD8FE9E00D74952 /* Debug */ = {
			isa = XCBuildConfiguration;
			buildSettings = {
				ASSETCATALOG_COMPILER_APPICON_NAME = AppIcon;
				ASSETCATALOG_COMPILER_GLOBAL_ACCENT_COLOR_NAME = AccentColor;
				CODE_SIGN_STYLE = Automatic;
				CURRENT_PROJECT_VERSION = 1;
				DEVELOPMENT_ASSET_PATHS = "\"WeatherApp/Preview Content\"";
				ENABLE_PREVIEWS = YES;
				GENERATE_INFOPLIST_FILE = YES;
				INFOPLIST_KEY_UIApplicationSceneManifest_Generation = YES;
				INFOPLIST_KEY_UIApplicationSupportsIndirectInputEvents = YES;
				INFOPLIST_KEY_UILaunchScreen_Generation = YES;
				INFOPLIST_KEY_UISupportedInterfaceOrientations_iPad = "UIInterfaceOrientationPortrait UIInterfaceOrientationPortraitUpsideDown UIInterfaceOrientationLandscapeLeft UIInterfaceOrientationLandscapeRight";
				INFOPLIST_KEY_UISupportedInterfaceOrientations_iPhone = "UIInterfaceOrientationPortrait UIInterfaceOrientationLandscapeLeft UIInterfaceOrientationLandscapeRight";
				LD_RUNPATH_SEARCH_PATHS = (
					"$(inherited)",
					"@executable_path/Frameworks",
				);
				MARKETING_VERSION = 1.0;
				PRODUCT_BUNDLE_IDENTIFIER = com.app.ios.WeatherApp;
				PRODUCT_NAME = "$(TARGET_NAME)";
				SWIFT_EMIT_LOC_STRINGS = YES;
				SWIFT_VERSION = 5.0;
				TARGETED_DEVICE_FAMILY = "1,2";
			};
			name = Debug;
		};
		CBB634232BD8FE9E00D74952 /* Release */ = {
			isa = XCBuildConfiguration;
			buildSettings = {
				ASSETCATALOG_COMPILER_APPICON_NAME = AppIcon;
				ASSETCATALOG_COMPILER_GLOBAL_ACCENT_COLOR_NAME = AccentColor;
				CODE_SIGN_STYLE = Automatic;
				CURRENT_PROJECT_VERSION = 1;
				DEVELOPMENT_ASSET_PATHS = "\"WeatherApp/Preview Content\"";
				ENABLE_PREVIEWS = YES;
				GENERATE_INFOPLIST_FILE = YES;
				INFOPLIST_KEY_UIApplicationSceneManifest_Generation = YES;
				INFOPLIST_KEY_UIApplicationSupportsIndirectInputEvents = YES;
				INFOPLIST_KEY_UILaunchScreen_Generation = YES;
				INFOPLIST_KEY_UISupportedInterfaceOrientations_iPad = "UIInterfaceOrientationPortrait UIInterfaceOrientationPortraitUpsideDown UIInterfaceOrientationLandscapeLeft UIInterfaceOrientationLandscapeRight";
				INFOPLIST_KEY_UISupportedInterfaceOrientations_iPhone = "UIInterfaceOrientationPortrait UIInterfaceOrientationLandscapeLeft UIInterfaceOrientationLandscapeRight";
				LD_RUNPATH_SEARCH_PATHS = (
					"$(inherited)",
					"@executable_path/Frameworks",
				);
				MARKETING_VERSION = 1.0;
				PRODUCT_BUNDLE_IDENTIFIER = com.app.ios.WeatherApp;
				PRODUCT_NAME = "$(TARGET_NAME)";
				SWIFT_EMIT_LOC_STRINGS = YES;
				SWIFT_VERSION = 5.0;
				TARGETED_DEVICE_FAMILY = "1,2";
			};
			name = Release;
		};
/* End XCBuildConfiguration section */

/* Begin XCConfigurationList section */
		CBB6340E2BD8FE9C00D74952 /* Build configuration list for PBXProject "WeatherApp" */ = {
			isa = XCConfigurationList;
			buildConfigurations = (
				CBB6341F2BD8FE9E00D74952 /* Debug */,
				CBB634202BD8FE9E00D74952 /* Release */,
			);
			defaultConfigurationIsVisible = 0;
			defaultConfigurationName = Release;
		};
		CBB634212BD8FE9E00D74952 /* Build configuration list for PBXNativeTarget "WeatherApp" */ = {
			isa = XCConfigurationList;
			buildConfigurations = (
				CBB634222BD8FE9E00D74952 /* Debug */,
				CBB634232BD8FE9E00D74952 /* Release */,
			);
			defaultConfigurationIsVisible = 0;
			defaultConfigurationName = Release;
		};
/* End XCConfigurationList section */
	};
	rootObject = CBB6340B2BD8FE9C00D74952 /* Project object */;
}
